
Microsoft Visual Studio Solution File, Format Version 12.00
# Visual Studio Version 16
VisualStudioVersion = 16.0.31911.196
MinimumVisualStudioVersion = 10.0.40219.1
Project("{FAE04EC0-301F-11D3-BF4B-00C04F79EFBC}") = "Homework_WpfApp11", "Homework_WpfApp11\Homework_WpfApp11.csproj", "{8823B08A-7CBE-4E37-AD6E-C92C00A00E24}"
EndProject
Global
	GlobalSection(SolutionConfigurationPlatforms) = preSolution
		Debug|Any CPU = Debug|Any CPU
		Release|Any CPU = Release|Any CPU
	EndGlobalSection
	GlobalSection(ProjectConfigurationPlatforms) = postSolution
		{8823B08A-7CBE-4E37-AD6E-C92C00A00E24}.Debug|Any CPU.ActiveCfg = Debug|Any CPU
		{8823B08A-7CBE-4E37-AD6E-C92C00A00E24}.Debug|Any CPU.Build.0 = Debug|Any CPU
		{8823B08A-7CBE-4E37-AD6E-C92C00A00E24}.Release|Any CPU.ActiveCfg = Release|Any CPU
		{8823B08A-7CBE-4E37-AD6E-C92C00A00E24}.Release|Any CPU.Build.0 = Release|Any CPU
	EndGlobalSection
	GlobalSection(SolutionProperties) = preSolution
		HideSolutionNode = FALSE
	EndGlobalSection
	GlobalSection(ExtensibilityGlobals) = postSolution
		SolutionGuid = {F7AC3168-8878-4526-BBDE-6BF10E9852E7}
	EndGlobalSection
EndGlobal
